// !$*UTF8*$!
{
	archiveVersion = 1;
	classes = {
	};
	objectVersion = 46;
	objects = {

/* Begin PBXBuildFile section */
		DB02E6ED1CA4320D00803AED /* ImagePalette.h in Headers */ = {isa = PBXBuildFile; fileRef = DB02E6EC1CA4320D00803AED /* ImagePalette.h */; settings = {ATTRIBUTES = (Public, ); }; };
		DB02E6F41CA4320D00803AED /* ImagePalette.framework in Frameworks */ = {isa = PBXBuildFile; fileRef = DB02E6E91CA4320D00803AED /* ImagePalette.framework */; };
		DB02E6F91CA4320D00803AED /* ImagePaletteTests.swift in Sources */ = {isa = PBXBuildFile; fileRef = DB02E6F81CA4320D00803AED /* ImagePaletteTests.swift */; };
		DB02E70F1CA4325B00803AED /* ColorCutQuantizer.swift in Sources */ = {isa = PBXBuildFile; fileRef = DB02E7031CA4325B00803AED /* ColorCutQuantizer.swift */; };
		DB02E7101CA4325B00803AED /* ColorHistogram.swift in Sources */ = {isa = PBXBuildFile; fileRef = DB02E7041CA4325B00803AED /* ColorHistogram.swift */; };
		DB02E7111CA4325B00803AED /* DefaultPaletteGenerator.swift in Sources */ = {isa = PBXBuildFile; fileRef = DB02E7051CA4325B00803AED /* DefaultPaletteGenerator.swift */; };
		DB02E7121CA4325B00803AED /* HexColor.swift in Sources */ = {isa = PBXBuildFile; fileRef = DB02E7061CA4325B00803AED /* HexColor.swift */; };
		DB02E7131CA4325B00803AED /* HSLColor.swift in Sources */ = {isa = PBXBuildFile; fileRef = DB02E7071CA4325B00803AED /* HSLColor.swift */; };
		DB02E7141CA4325B00803AED /* Palette.swift in Sources */ = {isa = PBXBuildFile; fileRef = DB02E7081CA4325B00803AED /* Palette.swift */; };
		DB02E7151CA4325B00803AED /* PaletteConfiguration.swift in Sources */ = {isa = PBXBuildFile; fileRef = DB02E7091CA4325B00803AED /* PaletteConfiguration.swift */; };
		DB02E7161CA4325B00803AED /* PaletteGenerator.swift in Sources */ = {isa = PBXBuildFile; fileRef = DB02E70A1CA4325B00803AED /* PaletteGenerator.swift */; };
		DB02E7171CA4325B00803AED /* PaletteSwatch.swift in Sources */ = {isa = PBXBuildFile; fileRef = DB02E70B1CA4325B00803AED /* PaletteSwatch.swift */; };
		DB02E7181CA4325B00803AED /* RGBColor.swift in Sources */ = {isa = PBXBuildFile; fileRef = DB02E70C1CA4325B00803AED /* RGBColor.swift */; };
		DB02E7191CA4325B00803AED /* SwiftPriorityQueue.swift in Sources */ = {isa = PBXBuildFile; fileRef = DB02E70D1CA4325B00803AED /* SwiftPriorityQueue.swift */; };
		DB02E71A1CA4325B00803AED /* UIImage+PaletteExtension.swift in Sources */ = {isa = PBXBuildFile; fileRef = DB02E70E1CA4325B00803AED /* UIImage+PaletteExtension.swift */; };
/* End PBXBuildFile section */

/* Begin PBXContainerItemProxy section */
		DB02E6F51CA4320D00803AED /* PBXContainerItemProxy */ = {
			isa = PBXContainerItemProxy;
			containerPortal = DB02E6E01CA4320D00803AED /* Project object */;
			proxyType = 1;
			remoteGlobalIDString = DB02E6E81CA4320D00803AED;
			remoteInfo = ImagePalette;
		};
/* End PBXContainerItemProxy section */

/* Begin PBXFileReference section */
		DB02E6E91CA4320D00803AED /* ImagePalette.framework */ = {isa = PBXFileReference; explicitFileType = wrapper.framework; includeInIndex = 0; path = ImagePalette.framework; sourceTree = BUILT_PRODUCTS_DIR; };
		DB02E6EC1CA4320D00803AED /* ImagePalette.h */ = {isa = PBXFileReference; lastKnownFileType = sourcecode.c.h; path = ImagePalette.h; sourceTree = "<group>"; };
		DB02E6EE1CA4320D00803AED /* Info.plist */ = {isa = PBXFileReference; lastKnownFileType = text.plist.xml; path = Info.plist; sourceTree = "<group>"; };
		DB02E6F31CA4320D00803AED /* ImagePaletteTests.xctest */ = {isa = PBXFileReference; explicitFileType = wrapper.cfbundle; includeInIndex = 0; path = ImagePaletteTests.xctest; sourceTree = BUILT_PRODUCTS_DIR; };
		DB02E6F81CA4320D00803AED /* ImagePaletteTests.swift */ = {isa = PBXFileReference; lastKnownFileType = sourcecode.swift; path = ImagePaletteTests.swift; sourceTree = "<group>"; };
		DB02E6FA1CA4320D00803AED /* Info.plist */ = {isa = PBXFileReference; lastKnownFileType = text.plist.xml; path = Info.plist; sourceTree = "<group>"; };
		DB02E7031CA4325B00803AED /* ColorCutQuantizer.swift */ = {isa = PBXFileReference; fileEncoding = 4; lastKnownFileType = sourcecode.swift; path = ColorCutQuantizer.swift; sourceTree = "<group>"; };
		DB02E7041CA4325B00803AED /* ColorHistogram.swift */ = {isa = PBXFileReference; fileEncoding = 4; lastKnownFileType = sourcecode.swift; path = ColorHistogram.swift; sourceTree = "<group>"; };
		DB02E7051CA4325B00803AED /* DefaultPaletteGenerator.swift */ = {isa = PBXFileReference; fileEncoding = 4; lastKnownFileType = sourcecode.swift; path = DefaultPaletteGenerator.swift; sourceTree = "<group>"; };
		DB02E7061CA4325B00803AED /* HexColor.swift */ = {isa = PBXFileReference; fileEncoding = 4; lastKnownFileType = sourcecode.swift; path = HexColor.swift; sourceTree = "<group>"; };
		DB02E7071CA4325B00803AED /* HSLColor.swift */ = {isa = PBXFileReference; fileEncoding = 4; lastKnownFileType = sourcecode.swift; path = HSLColor.swift; sourceTree = "<group>"; };
		DB02E7081CA4325B00803AED /* Palette.swift */ = {isa = PBXFileReference; fileEncoding = 4; lastKnownFileType = sourcecode.swift; path = Palette.swift; sourceTree = "<group>"; };
		DB02E7091CA4325B00803AED /* PaletteConfiguration.swift */ = {isa = PBXFileReference; fileEncoding = 4; lastKnownFileType = sourcecode.swift; path = PaletteConfiguration.swift; sourceTree = "<group>"; };
		DB02E70A1CA4325B00803AED /* PaletteGenerator.swift */ = {isa = PBXFileReference; fileEncoding = 4; lastKnownFileType = sourcecode.swift; path = PaletteGenerator.swift; sourceTree = "<group>"; };
		DB02E70B1CA4325B00803AED /* PaletteSwatch.swift */ = {isa = PBXFileReference; fileEncoding = 4; lastKnownFileType = sourcecode.swift; path = PaletteSwatch.swift; sourceTree = "<group>"; };
		DB02E70C1CA4325B00803AED /* RGBColor.swift */ = {isa = PBXFileReference; fileEncoding = 4; lastKnownFileType = sourcecode.swift; path = RGBColor.swift; sourceTree = "<group>"; };
		DB02E70D1CA4325B00803AED /* SwiftPriorityQueue.swift */ = {isa = PBXFileReference; fileEncoding = 4; lastKnownFileType = sourcecode.swift; path = SwiftPriorityQueue.swift; sourceTree = "<group>"; };
		DB02E70E1CA4325B00803AED /* UIImage+PaletteExtension.swift */ = {isa = PBXFileReference; fileEncoding = 4; lastKnownFileType = sourcecode.swift; path = "UIImage+PaletteExtension.swift"; sourceTree = "<group>"; };
/* End PBXFileReference section */

/* Begin PBXFrameworksBuildPhase section */
		DB02E6E51CA4320D00803AED /* Frameworks */ = {
			isa = PBXFrameworksBuildPhase;
			buildActionMask = 2147483647;
			files = (
			);
			runOnlyForDeploymentPostprocessing = 0;
		};
		DB02E6F01CA4320D00803AED /* Frameworks */ = {
			isa = PBXFrameworksBuildPhase;
			buildActionMask = 2147483647;
			files = (
				DB02E6F41CA4320D00803AED /* ImagePalette.framework in Frameworks */,
			);
			runOnlyForDeploymentPostprocessing = 0;
		};
/* End PBXFrameworksBuildPhase section */

/* Begin PBXGroup section */
		DB02E6DF1CA4320D00803AED = {
			isa = PBXGroup;
			children = (
				DB02E6EB1CA4320D00803AED /* ImagePalette */,
				DB02E6F71CA4320D00803AED /* ImagePaletteTests */,
				DB02E6EA1CA4320D00803AED /* Products */,
			);
			sourceTree = "<group>";
		};
		DB02E6EA1CA4320D00803AED /* Products */ = {
			isa = PBXGroup;
			children = (
				DB02E6E91CA4320D00803AED /* ImagePalette.framework */,
				DB02E6F31CA4320D00803AED /* ImagePaletteTests.xctest */,
			);
			name = Products;
			sourceTree = "<group>";
		};
		DB02E6EB1CA4320D00803AED /* ImagePalette */ = {
			isa = PBXGroup;
			children = (
				DB02E6EC1CA4320D00803AED /* ImagePalette.h */,
				DB02E7031CA4325B00803AED /* ColorCutQuantizer.swift */,
				DB02E7041CA4325B00803AED /* ColorHistogram.swift */,
				DB02E7051CA4325B00803AED /* DefaultPaletteGenerator.swift */,
				DB02E7061CA4325B00803AED /* HexColor.swift */,
				DB02E7071CA4325B00803AED /* HSLColor.swift */,
				DB02E7081CA4325B00803AED /* Palette.swift */,
				DB02E7091CA4325B00803AED /* PaletteConfiguration.swift */,
				DB02E70A1CA4325B00803AED /* PaletteGenerator.swift */,
				DB02E70B1CA4325B00803AED /* PaletteSwatch.swift */,
				DB02E70C1CA4325B00803AED /* RGBColor.swift */,
				DB02E70D1CA4325B00803AED /* SwiftPriorityQueue.swift */,
				DB02E70E1CA4325B00803AED /* UIImage+PaletteExtension.swift */,
				DB02E6EE1CA4320D00803AED /* Info.plist */,
			);
			path = ImagePalette;
			sourceTree = "<group>";
		};
		DB02E6F71CA4320D00803AED /* ImagePaletteTests */ = {
			isa = PBXGroup;
			children = (
				DB02E6F81CA4320D00803AED /* ImagePaletteTests.swift */,
				DB02E6FA1CA4320D00803AED /* Info.plist */,
			);
			path = ImagePaletteTests;
			sourceTree = "<group>";
		};
/* End PBXGroup section */

/* Begin PBXHeadersBuildPhase section */
		DB02E6E61CA4320D00803AED /* Headers */ = {
			isa = PBXHeadersBuildPhase;
			buildActionMask = 2147483647;
			files = (
				DB02E6ED1CA4320D00803AED /* ImagePalette.h in Headers */,
			);
			runOnlyForDeploymentPostprocessing = 0;
		};
/* End PBXHeadersBuildPhase section */

/* Begin PBXNativeTarget section */
		DB02E6E81CA4320D00803AED /* ImagePalette */ = {
			isa = PBXNativeTarget;
			buildConfigurationList = DB02E6FD1CA4320D00803AED /* Build configuration list for PBXNativeTarget "ImagePalette" */;
			buildPhases = (
				DB02E6E41CA4320D00803AED /* Sources */,
				DB02E6E51CA4320D00803AED /* Frameworks */,
				DB02E6E61CA4320D00803AED /* Headers */,
				DB02E6E71CA4320D00803AED /* Resources */,
			);
			buildRules = (
			);
			dependencies = (
			);
			name = ImagePalette;
			productName = ImagePalette;
			productReference = DB02E6E91CA4320D00803AED /* ImagePalette.framework */;
			productType = "com.apple.product-type.framework";
		};
		DB02E6F21CA4320D00803AED /* ImagePaletteTests */ = {
			isa = PBXNativeTarget;
			buildConfigurationList = DB02E7001CA4320D00803AED /* Build configuration list for PBXNativeTarget "ImagePaletteTests" */;
			buildPhases = (
				DB02E6EF1CA4320D00803AED /* Sources */,
				DB02E6F01CA4320D00803AED /* Frameworks */,
				DB02E6F11CA4320D00803AED /* Resources */,
			);
			buildRules = (
			);
			dependencies = (
				DB02E6F61CA4320D00803AED /* PBXTargetDependency */,
			);
			name = ImagePaletteTests;
			productName = ImagePaletteTests;
			productReference = DB02E6F31CA4320D00803AED /* ImagePaletteTests.xctest */;
			productType = "com.apple.product-type.bundle.unit-test";
		};
/* End PBXNativeTarget section */

/* Begin PBXProject section */
		DB02E6E01CA4320D00803AED /* Project object */ = {
			isa = PBXProject;
			attributes = {
				LastSwiftUpdateCheck = 0730;
				LastUpgradeCheck = 0730;
				ORGANIZATIONNAME = Buzzfeed;
				TargetAttributes = {
					DB02E6E81CA4320D00803AED = {
						CreatedOnToolsVersion = 7.3;
					};
					DB02E6F21CA4320D00803AED = {
						CreatedOnToolsVersion = 7.3;
					};
				};
			};
			buildConfigurationList = DB02E6E31CA4320D00803AED /* Build configuration list for PBXProject "ImagePalette" */;
			compatibilityVersion = "Xcode 3.2";
			developmentRegion = English;
			hasScannedForEncodings = 0;
			knownRegions = (
				en,
			);
			mainGroup = DB02E6DF1CA4320D00803AED;
			productRefGroup = DB02E6EA1CA4320D00803AED /* Products */;
			projectDirPath = "";
			projectRoot = "";
			targets = (
				DB02E6E81CA4320D00803AED /* ImagePalette */,
				DB02E6F21CA4320D00803AED /* ImagePaletteTests */,
			);
		};
/* End PBXProject section */

/* Begin PBXResourcesBuildPhase section */
		DB02E6E71CA4320D00803AED /* Resources */ = {
			isa = PBXResourcesBuildPhase;
			buildActionMask = 2147483647;
			files = (
			);
			runOnlyForDeploymentPostprocessing = 0;
		};
		DB02E6F11CA4320D00803AED /* Resources */ = {
			isa = PBXResourcesBuildPhase;
			buildActionMask = 2147483647;
			files = (
			);
			runOnlyForDeploymentPostprocessing = 0;
		};
/* End PBXResourcesBuildPhase section */

/* Begin PBXSourcesBuildPhase section */
		DB02E6E41CA4320D00803AED /* Sources */ = {
			isa = PBXSourcesBuildPhase;
			buildActionMask = 2147483647;
			files = (
				DB02E7111CA4325B00803AED /* DefaultPaletteGenerator.swift in Sources */,
				DB02E7181CA4325B00803AED /* RGBColor.swift in Sources */,
				DB02E7151CA4325B00803AED /* PaletteConfiguration.swift in Sources */,
				DB02E7191CA4325B00803AED /* SwiftPriorityQueue.swift in Sources */,
				DB02E7121CA4325B00803AED /* HexColor.swift in Sources */,
				DB02E71A1CA4325B00803AED /* UIImage+PaletteExtension.swift in Sources */,
				DB02E7171CA4325B00803AED /* PaletteSwatch.swift in Sources */,
				DB02E7101CA4325B00803AED /* ColorHistogram.swift in Sources */,
				DB02E7141CA4325B00803AED /* Palette.swift in Sources */,
				DB02E70F1CA4325B00803AED /* ColorCutQuantizer.swift in Sources */,
				DB02E7131CA4325B00803AED /* HSLColor.swift in Sources */,
				DB02E7161CA4325B00803AED /* PaletteGenerator.swift in Sources */,
			);
			runOnlyForDeploymentPostprocessing = 0;
		};
		DB02E6EF1CA4320D00803AED /* Sources */ = {
			isa = PBXSourcesBuildPhase;
			buildActionMask = 2147483647;
			files = (
				DB02E6F91CA4320D00803AED /* ImagePaletteTests.swift in Sources */,
			);
			runOnlyForDeploymentPostprocessing = 0;
		};
/* End PBXSourcesBuildPhase section */

/* Begin PBXTargetDependency section */
		DB02E6F61CA4320D00803AED /* PBXTargetDependency */ = {
			isa = PBXTargetDependency;
			target = DB02E6E81CA4320D00803AED /* ImagePalette */;
			targetProxy = DB02E6F51CA4320D00803AED /* PBXContainerItemProxy */;
		};
/* End PBXTargetDependency section */

/* Begin XCBuildConfiguration section */
		DB02E6FB1CA4320D00803AED /* Debug */ = {
			isa = XCBuildConfiguration;
			buildSettings = {
				ALWAYS_SEARCH_USER_PATHS = NO;
				CLANG_ANALYZER_NONNULL = YES;
				CLANG_CXX_LANGUAGE_STANDARD = "gnu++0x";
				CLANG_CXX_LIBRARY = "libc++";
				CLANG_ENABLE_MODULES = YES;
				CLANG_ENABLE_OBJC_ARC = YES;
				CLANG_WARN_BOOL_CONVERSION = YES;
				CLANG_WARN_CONSTANT_CONVERSION = YES;
				CLANG_WARN_DIRECT_OBJC_ISA_USAGE = YES_ERROR;
				CLANG_WARN_EMPTY_BODY = YES;
				CLANG_WARN_ENUM_CONVERSION = YES;
				CLANG_WARN_INT_CONVERSION = YES;
				CLANG_WARN_OBJC_ROOT_CLASS = YES_ERROR;
				CLANG_WARN_UNREACHABLE_CODE = YES;
				CLANG_WARN__DUPLICATE_METHOD_MATCH = YES;
				"CODE_SIGN_IDENTITY[sdk=iphoneos*]" = "iPhone Developer";
				COPY_PHASE_STRIP = NO;
				CURRENT_PROJECT_VERSION = 1;
				DEBUG_INFORMATION_FORMAT = dwarf;
				ENABLE_STRICT_OBJC_MSGSEND = YES;
				ENABLE_TESTABILITY = YES;
				GCC_C_LANGUAGE_STANDARD = gnu99;
				GCC_DYNAMIC_NO_PIC = NO;
				GCC_NO_COMMON_BLOCKS = YES;
				GCC_OPTIMIZATION_LEVEL = 0;
				GCC_PREPROCESSOR_DEFINITIONS = (
					"DEBUG=1",
					"$(inherited)",
				);
				GCC_WARN_64_TO_32_BIT_CONVERSION = YES;
				GCC_WARN_ABOUT_RETURN_TYPE = YES_ERROR;
				GCC_WARN_UNDECLARED_SELECTOR = YES;
				GCC_WARN_UNINITIALIZED_AUTOS = YES_AGGRESSIVE;
				GCC_WARN_UNUSED_FUNCTION = YES;
				GCC_WARN_UNUSED_VARIABLE = YES;
				IPHONEOS_DEPLOYMENT_TARGET = 8.0;
				MTL_ENABLE_DEBUG_INFO = YES;
				ONLY_ACTIVE_ARCH = YES;
				SDKROOT = iphoneos;
				SWIFT_OPTIMIZATION_LEVEL = "-Onone";
				TARGETED_DEVICE_FAMILY = "1,2";
				VERSIONING_SYSTEM = "apple-generic";
				VERSION_INFO_PREFIX = "";
			};
			name = Debug;
		};
		DB02E6FC1CA4320D00803AED /* Release */ = {
			isa = XCBuildConfiguration;
			buildSettings = {
				ALWAYS_SEARCH_USER_PATHS = NO;
				CLANG_ANALYZER_NONNULL = YES;
				CLANG_CXX_LANGUAGE_STANDARD = "gnu++0x";
				CLANG_CXX_LIBRARY = "libc++";
				CLANG_ENABLE_MODULES = YES;
				CLANG_ENABLE_OBJC_ARC = YES;
				CLANG_WARN_BOOL_CONVERSION = YES;
				CLANG_WARN_CONSTANT_CONVERSION = YES;
				CLANG_WARN_DIRECT_OBJC_ISA_USAGE = YES_ERROR;
				CLANG_WARN_EMPTY_BODY = YES;
				CLANG_WARN_ENUM_CONVERSION = YES;
				CLANG_WARN_INT_CONVERSION = YES;
				CLANG_WARN_OBJC_ROOT_CLASS = YES_ERROR;
				CLANG_WARN_UNREACHABLE_CODE = YES;
				CLANG_WARN__DUPLICATE_METHOD_MATCH = YES;
				"CODE_SIGN_IDENTITY[sdk=iphoneos*]" = "iPhone Developer";
				COPY_PHASE_STRIP = NO;
				CURRENT_PROJECT_VERSION = 1;
				DEBUG_INFORMATION_FORMAT = "dwarf-with-dsym";
				ENABLE_NS_ASSERTIONS = NO;
				ENABLE_STRICT_OBJC_MSGSEND = YES;
				GCC_C_LANGUAGE_STANDARD = gnu99;
				GCC_NO_COMMON_BLOCKS = YES;
				GCC_WARN_64_TO_32_BIT_CONVERSION = YES;
				GCC_WARN_ABOUT_RETURN_TYPE = YES_ERROR;
				GCC_WARN_UNDECLARED_SELECTOR = YES;
				GCC_WARN_UNINITIALIZED_AUTOS = YES_AGGRESSIVE;
				GCC_WARN_UNUSED_FUNCTION = YES;
				GCC_WARN_UNUSED_VARIABLE = YES;
				IPHONEOS_DEPLOYMENT_TARGET = 8.0;
				MTL_ENABLE_DEBUG_INFO = NO;
				SDKROOT = iphoneos;
				TARGETED_DEVICE_FAMILY = "1,2";
				VALIDATE_PRODUCT = YES;
				VERSIONING_SYSTEM = "apple-generic";
				VERSION_INFO_PREFIX = "";
			};
			name = Release;
		};
		DB02E6FE1CA4320D00803AED /* Debug */ = {
			isa = XCBuildConfiguration;
			buildSettings = {
				CLANG_ENABLE_MODULES = YES;
				DEFINES_MODULE = YES;
				DYLIB_COMPATIBILITY_VERSION = 1;
				DYLIB_CURRENT_VERSION = 1;
				DYLIB_INSTALL_NAME_BASE = "@rpath";
				INFOPLIST_FILE = ImagePalette/Info.plist;
				INSTALL_PATH = "$(LOCAL_LIBRARY_DIR)/Frameworks";
				IPHONEOS_DEPLOYMENT_TARGET = 8.0;
				LD_RUNPATH_SEARCH_PATHS = "$(inherited) @executable_path/Frameworks @loader_path/Frameworks";
				PRODUCT_BUNDLE_IDENTIFIER = twilson.buzzfeed.ImagePalette;
				PRODUCT_NAME = "$(TARGET_NAME)";
				SKIP_INSTALL = YES;
				SWIFT_OPTIMIZATION_LEVEL = "-Onone";
			};
			name = Debug;
		};
		DB02E6FF1CA4320D00803AED /* Release */ = {
			isa = XCBuildConfiguration;
			buildSettings = {
				CLANG_ENABLE_MODULES = YES;
				DEFINES_MODULE = YES;
				DYLIB_COMPATIBILITY_VERSION = 1;
				DYLIB_CURRENT_VERSION = 1;
				DYLIB_INSTALL_NAME_BASE = "@rpath";
				INFOPLIST_FILE = ImagePalette/Info.plist;
				INSTALL_PATH = "$(LOCAL_LIBRARY_DIR)/Frameworks";
				IPHONEOS_DEPLOYMENT_TARGET = 8.0;
				LD_RUNPATH_SEARCH_PATHS = "$(inherited) @executable_path/Frameworks @loader_path/Frameworks";
				PRODUCT_BUNDLE_IDENTIFIER = twilson.buzzfeed.ImagePalette;
				PRODUCT_NAME = "$(TARGET_NAME)";
				SKIP_INSTALL = YES;
			};
			name = Release;
		};
		DB02E7011CA4320D00803AED /* Debug */ = {
			isa = XCBuildConfiguration;
			buildSettings = {
				INFOPLIST_FILE = ImagePaletteTests/Info.plist;
				LD_RUNPATH_SEARCH_PATHS = "$(inherited) @executable_path/Frameworks @loader_path/Frameworks";
				PRODUCT_BUNDLE_IDENTIFIER = twilson.buzzfeed.ImagePaletteTests;
				PRODUCT_NAME = "$(TARGET_NAME)";
			};
			name = Debug;
		};
		DB02E7021CA4320D00803AED /* Release */ = {
			isa = XCBuildConfiguration;
			buildSettings = {
				INFOPLIST_FILE = ImagePaletteTests/Info.plist;
				LD_RUNPATH_SEARCH_PATHS = "$(inherited) @executable_path/Frameworks @loader_path/Frameworks";
				PRODUCT_BUNDLE_IDENTIFIER = twilson.buzzfeed.ImagePaletteTests;
				PRODUCT_NAME = "$(TARGET_NAME)";
			};
			name = Release;
		};
/* End XCBuildConfiguration section */

/* Begin XCConfigurationList section */
		DB02E6E31CA4320D00803AED /* Build configuration list for PBXProject "ImagePalette" */ = {
			isa = XCConfigurationList;
			buildConfigurations = (
				DB02E6FB1CA4320D00803AED /* Debug */,
				DB02E6FC1CA4320D00803AED /* Release */,
			);
			defaultConfigurationIsVisible = 0;
			defaultConfigurationName = Release;
		};
		DB02E6FD1CA4320D00803AED /* Build configuration list for PBXNativeTarget "ImagePalette" */ = {
			isa = XCConfigurationList;
			buildConfigurations = (
				DB02E6FE1CA4320D00803AED /* Debug */,
				DB02E6FF1CA4320D00803AED /* Release */,
			);
			defaultConfigurationIsVisible = 0;
			defaultConfigurationName = Release;
		};
		DB02E7001CA4320D00803AED /* Build configuration list for PBXNativeTarget "ImagePaletteTests" */ = {
			isa = XCConfigurationList;
			buildConfigurations = (
				DB02E7011CA4320D00803AED /* Debug */,
				DB02E7021CA4320D00803AED /* Release */,
			);
			defaultConfigurationIsVisible = 0;
			defaultConfigurationName = Release;
		};
/* End XCConfigurationList section */
	};
	rootObject = DB02E6E01CA4320D00803AED /* Project object */;
}
